
Microsoft Visual Studio Solution File, Format Version 12.00
# Visual Studio Version 16
VisualStudioVersion = 16.0.29324.140
MinimumVisualStudioVersion = 10.0.40219.1
Project("{2150E333-8FDC-42A3-9474-1A3956D46DE8}") = "examples", "examples", "{6F25A50B-5BE9-4850-87CA-9D08F5FE44BD}"
EndProject
Project("{2150E333-8FDC-42A3-9474-1A3956D46DE8}") = "test", "test", "{0D732E9C-14CC-422A-AE78-8811C908EAF2}"
EndProject
Project("{2150E333-8FDC-42A3-9474-1A3956D46DE8}") = "src", "src", "{2CA01627-DB5F-4667-9FF7-6CF2EE2921FF}"
EndProject
Project("{9A19103F-16F7-4668-BE54-9A1E7A4F7556}") = "DotNettyAll", "src\DotNettyAll\DotNettyAll.csproj", "{8A7BC0B0-6DB4-4FA1-BE61-689BCAAD583A}"
EndProject
Project("{9A19103F-16F7-4668-BE54-9A1E7A4F7556}") = "Discard.Client", "examples\Discard.Client\Discard.Client.csproj", "{F2397CC9-6173-4CE6-9869-BBF5E56C3168}"
EndProject
Project("{9A19103F-16F7-4668-BE54-9A1E7A4F7556}") = "Discard.Server", "examples\Discard.Server\Discard.Server.csproj", "{3E07849E-F429-4129-9FF9-DC4BCF527EB8}"
EndProject
Project("{9A19103F-16F7-4668-BE54-9A1E7A4F7556}") = "Echo.Client", "examples\Echo.Client\Echo.Client.csproj", "{F3D2F996-429F-4864-B457-1CE98442FECA}"
EndProject
Project("{9A19103F-16F7-4668-BE54-9A1E7A4F7556}") = "Echo.Server", "examples\Echo.Server\Echo.Server.csproj", "{393F19CB-B094-4721-BB92-9B6E159B53F0}"
EndProject
Project("{9A19103F-16F7-4668-BE54-9A1E7A4F7556}") = "Examples.Common", "examples\Examples.Common\Examples.Common.csproj", "{D5E2F1AF-812C-4137-81C6-A1EE65E2CC6F}"
EndProject
Project("{9A19103F-16F7-4668-BE54-9A1E7A4F7556}") = "Factorial", "examples\Factorial\Factorial.csproj", "{6CFC4518-EC67-4CAA-A3E2-4F255B650947}"
EndProject
Project("{9A19103F-16F7-4668-BE54-9A1E7A4F7556}") = "Factorial.Client", "examples\Factorial.Client\Factorial.Client.csproj", "{5CDC6FE7-ED50-41C7-A2DE-C915A380FE8A}"
EndProject
Project("{9A19103F-16F7-4668-BE54-9A1E7A4F7556}") = "Factorial.Server", "examples\Factorial.Server\Factorial.Server.csproj", "{6519CAA9-701D-4EA4-AF31-49C55E0EFCE4}"
EndProject
Project("{9A19103F-16F7-4668-BE54-9A1E7A4F7556}") = "HttpServer", "examples\HttpServer\HttpServer.csproj", "{5160851B-6118-4E95-BA31-CE934BA50ACF}"
EndProject
Project("{9A19103F-16F7-4668-BE54-9A1E7A4F7556}") = "WebSockets.Server", "examples\WebSockets.Server\WebSockets.Server.csproj", "{DDCAE9A3-9179-45FB-913D-5131F90EF480}"
EndProject
Project("{9A19103F-16F7-4668-BE54-9A1E7A4F7556}") = "WebSockets.Client", "examples\WebSockets.Client\WebSockets.Client.csproj", "{1D2BAE30-47E1-4B00-A1E9-E9FF25895D85}"
EndProject
Project("{9A19103F-16F7-4668-BE54-9A1E7A4F7556}") = "Telnet.Server", "examples\Telnet.Server\Telnet.Server.csproj", "{626125EF-79EF-49C4-95A6-36B89C3E97A3}"
EndProject
Project("{9A19103F-16F7-4668-BE54-9A1E7A4F7556}") = "SecureChat.Server", "examples\SecureChat.Server\SecureChat.Server.csproj", "{13BBD6A9-A524-417E-B41A-0834B64D1DA1}"
EndProject
Project("{9A19103F-16F7-4668-BE54-9A1E7A4F7556}") = "SecureChat.Client", "examples\SecureChat.Client\SecureChat.Client.csproj", "{AFA3DFC9-41BE-4857-BFD6-45AFEF6593A7}"
EndProject
Project("{9A19103F-16F7-4668-BE54-9A1E7A4F7556}") = "QuoteOfTheMoment.Server", "examples\QuoteOfTheMoment.Server\QuoteOfTheMoment.Server.csproj", "{2C26C44B-1EB0-4CA8-ACE8-CC26D1A550BC}"
EndProject
Project("{9A19103F-16F7-4668-BE54-9A1E7A4F7556}") = "QuoteOfTheMoment.Client", "examples\QuoteOfTheMoment.Client\QuoteOfTheMoment.Client.csproj", "{8F9C190A-1CE7-4626-9BD2-0F819BB8F3CA}"
EndProject
Project("{9A19103F-16F7-4668-BE54-9A1E7A4F7556}") = "DotNetty.Buffers.Tests", "test\DotNetty.Buffers.Tests\DotNetty.Buffers.Tests.csproj", "{05E56605-057D-48CC-94C3-73B35D028D34}"
EndProject
Project("{9A19103F-16F7-4668-BE54-9A1E7A4F7556}") = "DotNetty.Codecs.Http.Tests", "test\DotNetty.Codecs.Http.Tests\DotNetty.Codecs.Http.Tests.csproj", "{8EAFC52D-4D29-4B70-BB33-A7655083DE45}"
EndProject
Project("{9A19103F-16F7-4668-BE54-9A1E7A4F7556}") = "DotNetty.Codecs.Mqtt.Tests", "test\DotNetty.Codecs.Mqtt.Tests\DotNetty.Codecs.Mqtt.Tests.csproj", "{201E6CCB-5C6F-4B6D-BBA8-C9CCBB6E9860}"
EndProject
Project("{9A19103F-16F7-4668-BE54-9A1E7A4F7556}") = "DotNetty.Codecs.Protobuf.Tests", "test\DotNetty.Codecs.Protobuf.Tests\DotNetty.Codecs.Protobuf.Tests.csproj", "{23A27F31-8A43-4AA5-B9E1-DC5EDDDCEF4C}"
EndProject
Project("{9A19103F-16F7-4668-BE54-9A1E7A4F7556}") = "DotNetty.Transport.Tests.Performance", "test\DotNetty.Transport.Tests.Performance\DotNetty.Transport.Tests.Performance.csproj", "{E2101ECB-E8F9-40CA-A2C4-4156199FE11D}"
EndProject
Project("{9A19103F-16F7-4668-BE54-9A1E7A4F7556}") = "DotNetty.Transport.Tests", "test\DotNetty.Transport.Tests\DotNetty.Transport.Tests.csproj", "{EB9C6E34-ABEC-4AFE-A6CC-CD8F99E02229}"
EndProject
Project("{9A19103F-16F7-4668-BE54-9A1E7A4F7556}") = "DotNetty.Transport.Libuv.Tests", "test\DotNetty.Transport.Libuv.Tests\DotNetty.Transport.Libuv.Tests.csproj", "{23B229CD-A1F6-4B14-A2A1-C9F23BBD4FC1}"
EndProject
Project("{9A19103F-16F7-4668-BE54-9A1E7A4F7556}") = "DotNetty.Tests.End2End", "test\DotNetty.Tests.End2End\DotNetty.Tests.End2End.csproj", "{85C4F216-1F39-4EC3-8345-BEEAD221A6F3}"
EndProject
Project("{9A19103F-16F7-4668-BE54-9A1E7A4F7556}") = "DotNetty.Tests.Common", "test\DotNetty.Tests.Common\DotNetty.Tests.Common.csproj", "{70ED5042-B2E3-4D60-8D96-440A9A98BD71}"
EndProject
Project("{9A19103F-16F7-4668-BE54-9A1E7A4F7556}") = "DotNetty.Microbench", "test\DotNetty.Microbench\DotNetty.Microbench.csproj", "{3D5A7C1A-D82C-4D1D-BCC0-F3C0A760836F}"
EndProject
Project("{9A19103F-16F7-4668-BE54-9A1E7A4F7556}") = "DotNetty.Handlers.Tests", "test\DotNetty.Handlers.Tests\DotNetty.Handlers.Tests.csproj", "{0DEAFC4E-C09F-4F5A-BF5C-937E8243C1F1}"
EndProject
Project("{9A19103F-16F7-4668-BE54-9A1E7A4F7556}") = "DotNetty.Common.Tests", "test\DotNetty.Common.Tests\DotNetty.Common.Tests.csproj", "{CA32969E-23E6-44C5-B7B3-C62DFDC7C6BE}"
EndProject
Project("{9A19103F-16F7-4668-BE54-9A1E7A4F7556}") = "DotNetty.Codecs.Tests", "test\DotNetty.Codecs.Tests\DotNetty.Codecs.Tests.csproj", "{29CD2B9C-B459-4B07-A0BA-61D3514327E4}"
EndProject
Project("{9A19103F-16F7-4668-BE54-9A1E7A4F7556}") = "DotNetty.Codecs.Redis.Tests", "test\DotNetty.Codecs.Redis.Tests\DotNetty.Codecs.Redis.Tests.csproj", "{3827DCE9-5833-4BC8-B586-A0AE47F7CD3E}"
EndProject
Global
	GlobalSection(SolutionConfigurationPlatforms) = preSolution
		Debug|Any CPU = Debug|Any CPU
		Release|Any CPU = Release|Any CPU
	EndGlobalSection
	GlobalSection(ProjectConfigurationPlatforms) = postSolution
		{8A7BC0B0-6DB4-4FA1-BE61-689BCAAD583A}.Debug|Any CPU.ActiveCfg = Debug|Any CPU
		{8A7BC0B0-6DB4-4FA1-BE61-689BCAAD583A}.Debug|Any CPU.Build.0 = Debug|Any CPU
		{8A7BC0B0-6DB4-4FA1-BE61-689BCAAD583A}.Release|Any CPU.ActiveCfg = Release|Any CPU
		{8A7BC0B0-6DB4-4FA1-BE61-689BCAAD583A}.Release|Any CPU.Build.0 = Release|Any CPU
		{F2397CC9-6173-4CE6-9869-BBF5E56C3168}.Debug|Any CPU.ActiveCfg = Debug|Any CPU
		{F2397CC9-6173-4CE6-9869-BBF5E56C3168}.Debug|Any CPU.Build.0 = Debug|Any CPU
		{F2397CC9-6173-4CE6-9869-BBF5E56C3168}.Release|Any CPU.ActiveCfg = Release|Any CPU
		{F2397CC9-6173-4CE6-9869-BBF5E56C3168}.Release|Any CPU.Build.0 = Release|Any CPU
		{3E07849E-F429-4129-9FF9-DC4BCF527EB8}.Debug|Any CPU.ActiveCfg = Debug|Any CPU
		{3E07849E-F429-4129-9FF9-DC4BCF527EB8}.Debug|Any CPU.Build.0 = Debug|Any CPU
		{3E07849E-F429-4129-9FF9-DC4BCF527EB8}.Release|Any CPU.ActiveCfg = Release|Any CPU
		{3E07849E-F429-4129-9FF9-DC4BCF527EB8}.Release|Any CPU.Build.0 = Release|Any CPU
		{F3D2F996-429F-4864-B457-1CE98442FECA}.Debug|Any CPU.ActiveCfg = Debug|Any CPU
		{F3D2F996-429F-4864-B457-1CE98442FECA}.Debug|Any CPU.Build.0 = Debug|Any CPU
		{F3D2F996-429F-4864-B457-1CE98442FECA}.Release|Any CPU.ActiveCfg = Release|Any CPU
		{F3D2F996-429F-4864-B457-1CE98442FECA}.Release|Any CPU.Build.0 = Release|Any CPU
		{393F19CB-B094-4721-BB92-9B6E159B53F0}.Debug|Any CPU.ActiveCfg = Debug|Any CPU
		{393F19CB-B094-4721-BB92-9B6E159B53F0}.Debug|Any CPU.Build.0 = Debug|Any CPU
		{393F19CB-B094-4721-BB92-9B6E159B53F0}.Release|Any CPU.ActiveCfg = Release|Any CPU
		{393F19CB-B094-4721-BB92-9B6E159B53F0}.Release|Any CPU.Build.0 = Release|Any CPU
		{D5E2F1AF-812C-4137-81C6-A1EE65E2CC6F}.Debug|Any CPU.ActiveCfg = Debug|Any CPU
		{D5E2F1AF-812C-4137-81C6-A1EE65E2CC6F}.Debug|Any CPU.Build.0 = Debug|Any CPU
		{D5E2F1AF-812C-4137-81C6-A1EE65E2CC6F}.Release|Any CPU.ActiveCfg = Release|Any CPU
		{D5E2F1AF-812C-4137-81C6-A1EE65E2CC6F}.Release|Any CPU.Build.0 = Release|Any CPU
		{6CFC4518-EC67-4CAA-A3E2-4F255B650947}.Debug|Any CPU.ActiveCfg = Debug|Any CPU
		{6CFC4518-EC67-4CAA-A3E2-4F255B650947}.Debug|Any CPU.Build.0 = Debug|Any CPU
		{6CFC4518-EC67-4CAA-A3E2-4F255B650947}.Release|Any CPU.ActiveCfg = Release|Any CPU
		{6CFC4518-EC67-4CAA-A3E2-4F255B650947}.Release|Any CPU.Build.0 = Release|Any CPU
		{5CDC6FE7-ED50-41C7-A2DE-C915A380FE8A}.Debug|Any CPU.ActiveCfg = Debug|Any CPU
		{5CDC6FE7-ED50-41C7-A2DE-C915A380FE8A}.Debug|Any CPU.Build.0 = Debug|Any CPU
		{5CDC6FE7-ED50-41C7-A2DE-C915A380FE8A}.Release|Any CPU.ActiveCfg = Release|Any CPU
		{5CDC6FE7-ED50-41C7-A2DE-C915A380FE8A}.Release|Any CPU.Build.0 = Release|Any CPU
		{6519CAA9-701D-4EA4-AF31-49C55E0EFCE4}.Debug|Any CPU.ActiveCfg = Debug|Any CPU
		{6519CAA9-701D-4EA4-AF31-49C55E0EFCE4}.Debug|Any CPU.Build.0 = Debug|Any CPU
		{6519CAA9-701D-4EA4-AF31-49C55E0EFCE4}.Release|Any CPU.ActiveCfg = Release|Any CPU
		{6519CAA9-701D-4EA4-AF31-49C55E0EFCE4}.Release|Any CPU.Build.0 = Release|Any CPU
		{5160851B-6118-4E95-BA31-CE934BA50ACF}.Debug|Any CPU.ActiveCfg = Debug|Any CPU
		{5160851B-6118-4E95-BA31-CE934BA50ACF}.Debug|Any CPU.Build.0 = Debug|Any CPU
		{5160851B-6118-4E95-BA31-CE934BA50ACF}.Release|Any CPU.ActiveCfg = Release|Any CPU
		{5160851B-6118-4E95-BA31-CE934BA50ACF}.Release|Any CPU.Build.0 = Release|Any CPU
		{DDCAE9A3-9179-45FB-913D-5131F90EF480}.Debug|Any CPU.ActiveCfg = Debug|Any CPU
		{DDCAE9A3-9179-45FB-913D-5131F90EF480}.Debug|Any CPU.Build.0 = Debug|Any CPU
		{DDCAE9A3-9179-45FB-913D-5131F90EF480}.Release|Any CPU.ActiveCfg = Release|Any CPU
		{DDCAE9A3-9179-45FB-913D-5131F90EF480}.Release|Any CPU.Build.0 = Release|Any CPU
		{1D2BAE30-47E1-4B00-A1E9-E9FF25895D85}.Debug|Any CPU.ActiveCfg = Debug|Any CPU
		{1D2BAE30-47E1-4B00-A1E9-E9FF25895D85}.Debug|Any CPU.Build.0 = Debug|Any CPU
		{1D2BAE30-47E1-4B00-A1E9-E9FF25895D85}.Release|Any CPU.ActiveCfg = Release|Any CPU
		{1D2BAE30-47E1-4B00-A1E9-E9FF25895D85}.Release|Any CPU.Build.0 = Release|Any CPU
		{626125EF-79EF-49C4-95A6-36B89C3E97A3}.Debug|Any CPU.ActiveCfg = Debug|Any CPU
		{626125EF-79EF-49C4-95A6-36B89C3E97A3}.Debug|Any CPU.Build.0 = Debug|Any CPU
		{626125EF-79EF-49C4-95A6-36B89C3E97A3}.Release|Any CPU.ActiveCfg = Release|Any CPU
		{626125EF-79EF-49C4-95A6-36B89C3E97A3}.Release|Any CPU.Build.0 = Release|Any CPU
		{13BBD6A9-A524-417E-B41A-0834B64D1DA1}.Debug|Any CPU.ActiveCfg = Debug|Any CPU
		{13BBD6A9-A524-417E-B41A-0834B64D1DA1}.Debug|Any CPU.Build.0 = Debug|Any CPU
		{13BBD6A9-A524-417E-B41A-0834B64D1DA1}.Release|Any CPU.ActiveCfg = Release|Any CPU
		{13BBD6A9-A524-417E-B41A-0834B64D1DA1}.Release|Any CPU.Build.0 = Release|Any CPU
		{AFA3DFC9-41BE-4857-BFD6-45AFEF6593A7}.Debug|Any CPU.ActiveCfg = Debug|Any CPU
		{AFA3DFC9-41BE-4857-BFD6-45AFEF6593A7}.Debug|Any CPU.Build.0 = Debug|Any CPU
		{AFA3DFC9-41BE-4857-BFD6-45AFEF6593A7}.Release|Any CPU.ActiveCfg = Release|Any CPU
		{AFA3DFC9-41BE-4857-BFD6-45AFEF6593A7}.Release|Any CPU.Build.0 = Release|Any CPU
		{2C26C44B-1EB0-4CA8-ACE8-CC26D1A550BC}.Debug|Any CPU.ActiveCfg = Debug|Any CPU
		{2C26C44B-1EB0-4CA8-ACE8-CC26D1A550BC}.Debug|Any CPU.Build.0 = Debug|Any CPU
		{2C26C44B-1EB0-4CA8-ACE8-CC26D1A550BC}.Release|Any CPU.ActiveCfg = Release|Any CPU
		{2C26C44B-1EB0-4CA8-ACE8-CC26D1A550BC}.Release|Any CPU.Build.0 = Release|Any CPU
		{8F9C190A-1CE7-4626-9BD2-0F819BB8F3CA}.Debug|Any CPU.ActiveCfg = Debug|Any CPU
		{8F9C190A-1CE7-4626-9BD2-0F819BB8F3CA}.Debug|Any CPU.Build.0 = Debug|Any CPU
		{8F9C190A-1CE7-4626-9BD2-0F819BB8F3CA}.Release|Any CPU.ActiveCfg = Release|Any CPU
		{8F9C190A-1CE7-4626-9BD2-0F819BB8F3CA}.Release|Any CPU.Build.0 = Release|Any CPU
		{05E56605-057D-48CC-94C3-73B35D028D34}.Debug|Any CPU.ActiveCfg = Debug|Any CPU
		{05E56605-057D-48CC-94C3-73B35D028D34}.Debug|Any CPU.Build.0 = Debug|Any CPU
		{05E56605-057D-48CC-94C3-73B35D028D34}.Release|Any CPU.ActiveCfg = Release|Any CPU
		{05E56605-057D-48CC-94C3-73B35D028D34}.Release|Any CPU.Build.0 = Release|Any CPU
		{8EAFC52D-4D29-4B70-BB33-A7655083DE45}.Debug|Any CPU.ActiveCfg = Debug|Any CPU
		{8EAFC52D-4D29-4B70-BB33-A7655083DE45}.Debug|Any CPU.Build.0 = Debug|Any CPU
		{8EAFC52D-4D29-4B70-BB33-A7655083DE45}.Release|Any CPU.ActiveCfg = Release|Any CPU
		{8EAFC52D-4D29-4B70-BB33-A7655083DE45}.Release|Any CPU.Build.0 = Release|Any CPU
		{201E6CCB-5C6F-4B6D-BBA8-C9CCBB6E9860}.Debug|Any CPU.ActiveCfg = Debug|Any CPU
		{201E6CCB-5C6F-4B6D-BBA8-C9CCBB6E9860}.Debug|Any CPU.Build.0 = Debug|Any CPU
		{201E6CCB-5C6F-4B6D-BBA8-C9CCBB6E9860}.Release|Any CPU.ActiveCfg = Release|Any CPU
		{201E6CCB-5C6F-4B6D-BBA8-C9CCBB6E9860}.Release|Any CPU.Build.0 = Release|Any CPU
		{23A27F31-8A43-4AA5-B9E1-DC5EDDDCEF4C}.Debug|Any CPU.ActiveCfg = Debug|Any CPU
		{23A27F31-8A43-4AA5-B9E1-DC5EDDDCEF4C}.Debug|Any CPU.Build.0 = Debug|Any CPU
		{23A27F31-8A43-4AA5-B9E1-DC5EDDDCEF4C}.Release|Any CPU.ActiveCfg = Release|Any CPU
		{23A27F31-8A43-4AA5-B9E1-DC5EDDDCEF4C}.Release|Any CPU.Build.0 = Release|Any CPU
		{E2101ECB-E8F9-40CA-A2C4-4156199FE11D}.Debug|Any CPU.ActiveCfg = Debug|Any CPU
		{E2101ECB-E8F9-40CA-A2C4-4156199FE11D}.Debug|Any CPU.Build.0 = Debug|Any CPU
		{E2101ECB-E8F9-40CA-A2C4-4156199FE11D}.Release|Any CPU.ActiveCfg = Release|Any CPU
		{E2101ECB-E8F9-40CA-A2C4-4156199FE11D}.Release|Any CPU.Build.0 = Release|Any CPU
		{EB9C6E34-ABEC-4AFE-A6CC-CD8F99E02229}.Debug|Any CPU.ActiveCfg = Debug|Any CPU
		{EB9C6E34-ABEC-4AFE-A6CC-CD8F99E02229}.Debug|Any CPU.Build.0 = Debug|Any CPU
		{EB9C6E34-ABEC-4AFE-A6CC-CD8F99E02229}.Release|Any CPU.ActiveCfg = Release|Any CPU
		{EB9C6E34-ABEC-4AFE-A6CC-CD8F99E02229}.Release|Any CPU.Build.0 = Release|Any CPU
		{23B229CD-A1F6-4B14-A2A1-C9F23BBD4FC1}.Debug|Any CPU.ActiveCfg = Debug|Any CPU
		{23B229CD-A1F6-4B14-A2A1-C9F23BBD4FC1}.Debug|Any CPU.Build.0 = Debug|Any CPU
		{23B229CD-A1F6-4B14-A2A1-C9F23BBD4FC1}.Release|Any CPU.ActiveCfg = Release|Any CPU
		{23B229CD-A1F6-4B14-A2A1-C9F23BBD4FC1}.Release|Any CPU.Build.0 = Release|Any CPU
		{85C4F216-1F39-4EC3-8345-BEEAD221A6F3}.Debug|Any CPU.ActiveCfg = Debug|Any CPU
		{85C4F216-1F39-4EC3-8345-BEEAD221A6F3}.Debug|Any CPU.Build.0 = Debug|Any CPU
		{85C4F216-1F39-4EC3-8345-BEEAD221A6F3}.Release|Any CPU.ActiveCfg = Release|Any CPU
		{85C4F216-1F39-4EC3-8345-BEEAD221A6F3}.Release|Any CPU.Build.0 = Release|Any CPU
		{70ED5042-B2E3-4D60-8D96-440A9A98BD71}.Debug|Any CPU.ActiveCfg = Debug|Any CPU
		{70ED5042-B2E3-4D60-8D96-440A9A98BD71}.Debug|Any CPU.Build.0 = Debug|Any CPU
		{70ED5042-B2E3-4D60-8D96-440A9A98BD71}.Release|Any CPU.ActiveCfg = Release|Any CPU
		{70ED5042-B2E3-4D60-8D96-440A9A98BD71}.Release|Any CPU.Build.0 = Release|Any CPU
		{3D5A7C1A-D82C-4D1D-BCC0-F3C0A760836F}.Debug|Any CPU.ActiveCfg = Debug|Any CPU
		{3D5A7C1A-D82C-4D1D-BCC0-F3C0A760836F}.Debug|Any CPU.Build.0 = Debug|Any CPU
		{3D5A7C1A-D82C-4D1D-BCC0-F3C0A760836F}.Release|Any CPU.ActiveCfg = Release|Any CPU
		{3D5A7C1A-D82C-4D1D-BCC0-F3C0A760836F}.Release|Any CPU.Build.0 = Release|Any CPU
		{0DEAFC4E-C09F-4F5A-BF5C-937E8243C1F1}.Debug|Any CPU.ActiveCfg = Debug|Any CPU
		{0DEAFC4E-C09F-4F5A-BF5C-937E8243C1F1}.Debug|Any CPU.Build.0 = Debug|Any CPU
		{0DEAFC4E-C09F-4F5A-BF5C-937E8243C1F1}.Release|Any CPU.ActiveCfg = Release|Any CPU
		{0DEAFC4E-C09F-4F5A-BF5C-937E8243C1F1}.Release|Any CPU.Build.0 = Release|Any CPU
		{CA32969E-23E6-44C5-B7B3-C62DFDC7C6BE}.Debug|Any CPU.ActiveCfg = Debug|Any CPU
		{CA32969E-23E6-44C5-B7B3-C62DFDC7C6BE}.Debug|Any CPU.Build.0 = Debug|Any CPU
		{CA32969E-23E6-44C5-B7B3-C62DFDC7C6BE}.Release|Any CPU.ActiveCfg = Release|Any CPU
		{CA32969E-23E6-44C5-B7B3-C62DFDC7C6BE}.Release|Any CPU.Build.0 = Release|Any CPU
		{29CD2B9C-B459-4B07-A0BA-61D3514327E4}.Debug|Any CPU.ActiveCfg = Debug|Any CPU
		{29CD2B9C-B459-4B07-A0BA-61D3514327E4}.Debug|Any CPU.Build.0 = Debug|Any CPU
		{29CD2B9C-B459-4B07-A0BA-61D3514327E4}.Release|Any CPU.ActiveCfg = Release|Any CPU
		{29CD2B9C-B459-4B07-A0BA-61D3514327E4}.Release|Any CPU.Build.0 = Release|Any CPU
		{3827DCE9-5833-4BC8-B586-A0AE47F7CD3E}.Debug|Any CPU.ActiveCfg = Debug|Any CPU
		{3827DCE9-5833-4BC8-B586-A0AE47F7CD3E}.Debug|Any CPU.Build.0 = Debug|Any CPU
		{3827DCE9-5833-4BC8-B586-A0AE47F7CD3E}.Release|Any CPU.ActiveCfg = Release|Any CPU
		{3827DCE9-5833-4BC8-B586-A0AE47F7CD3E}.Release|Any CPU.Build.0 = Release|Any CPU
	EndGlobalSection
	GlobalSection(SolutionProperties) = preSolution
		HideSolutionNode = FALSE
	EndGlobalSection
	GlobalSection(NestedProjects) = preSolution
		{8A7BC0B0-6DB4-4FA1-BE61-689BCAAD583A} = {2CA01627-DB5F-4667-9FF7-6CF2EE2921FF}
		{F2397CC9-6173-4CE6-9869-BBF5E56C3168} = {6F25A50B-5BE9-4850-87CA-9D08F5FE44BD}
		{3E07849E-F429-4129-9FF9-DC4BCF527EB8} = {6F25A50B-5BE9-4850-87CA-9D08F5FE44BD}
		{F3D2F996-429F-4864-B457-1CE98442FECA} = {6F25A50B-5BE9-4850-87CA-9D08F5FE44BD}
		{393F19CB-B094-4721-BB92-9B6E159B53F0} = {6F25A50B-5BE9-4850-87CA-9D08F5FE44BD}
		{D5E2F1AF-812C-4137-81C6-A1EE65E2CC6F} = {6F25A50B-5BE9-4850-87CA-9D08F5FE44BD}
		{6CFC4518-EC67-4CAA-A3E2-4F255B650947} = {6F25A50B-5BE9-4850-87CA-9D08F5FE44BD}
		{5CDC6FE7-ED50-41C7-A2DE-C915A380FE8A} = {6F25A50B-5BE9-4850-87CA-9D08F5FE44BD}
		{6519CAA9-701D-4EA4-AF31-49C55E0EFCE4} = {6F25A50B-5BE9-4850-87CA-9D08F5FE44BD}
		{5160851B-6118-4E95-BA31-CE934BA50ACF} = {6F25A50B-5BE9-4850-87CA-9D08F5FE44BD}
		{DDCAE9A3-9179-45FB-913D-5131F90EF480} = {6F25A50B-5BE9-4850-87CA-9D08F5FE44BD}
		{1D2BAE30-47E1-4B00-A1E9-E9FF25895D85} = {6F25A50B-5BE9-4850-87CA-9D08F5FE44BD}
		{626125EF-79EF-49C4-95A6-36B89C3E97A3} = {6F25A50B-5BE9-4850-87CA-9D08F5FE44BD}
		{13BBD6A9-A524-417E-B41A-0834B64D1DA1} = {6F25A50B-5BE9-4850-87CA-9D08F5FE44BD}
		{AFA3DFC9-41BE-4857-BFD6-45AFEF6593A7} = {6F25A50B-5BE9-4850-87CA-9D08F5FE44BD}
		{2C26C44B-1EB0-4CA8-ACE8-CC26D1A550BC} = {6F25A50B-5BE9-4850-87CA-9D08F5FE44BD}
		{8F9C190A-1CE7-4626-9BD2-0F819BB8F3CA} = {6F25A50B-5BE9-4850-87CA-9D08F5FE44BD}
		{05E56605-057D-48CC-94C3-73B35D028D34} = {0D732E9C-14CC-422A-AE78-8811C908EAF2}
		{8EAFC52D-4D29-4B70-BB33-A7655083DE45} = {0D732E9C-14CC-422A-AE78-8811C908EAF2}
		{201E6CCB-5C6F-4B6D-BBA8-C9CCBB6E9860} = {0D732E9C-14CC-422A-AE78-8811C908EAF2}
		{23A27F31-8A43-4AA5-B9E1-DC5EDDDCEF4C} = {0D732E9C-14CC-422A-AE78-8811C908EAF2}
		{E2101ECB-E8F9-40CA-A2C4-4156199FE11D} = {0D732E9C-14CC-422A-AE78-8811C908EAF2}
		{EB9C6E34-ABEC-4AFE-A6CC-CD8F99E02229} = {0D732E9C-14CC-422A-AE78-8811C908EAF2}
		{23B229CD-A1F6-4B14-A2A1-C9F23BBD4FC1} = {0D732E9C-14CC-422A-AE78-8811C908EAF2}
		{85C4F216-1F39-4EC3-8345-BEEAD221A6F3} = {0D732E9C-14CC-422A-AE78-8811C908EAF2}
		{70ED5042-B2E3-4D60-8D96-440A9A98BD71} = {0D732E9C-14CC-422A-AE78-8811C908EAF2}
		{3D5A7C1A-D82C-4D1D-BCC0-F3C0A760836F} = {0D732E9C-14CC-422A-AE78-8811C908EAF2}
		{0DEAFC4E-C09F-4F5A-BF5C-937E8243C1F1} = {0D732E9C-14CC-422A-AE78-8811C908EAF2}
		{CA32969E-23E6-44C5-B7B3-C62DFDC7C6BE} = {0D732E9C-14CC-422A-AE78-8811C908EAF2}
		{29CD2B9C-B459-4B07-A0BA-61D3514327E4} = {0D732E9C-14CC-422A-AE78-8811C908EAF2}
		{3827DCE9-5833-4BC8-B586-A0AE47F7CD3E} = {0D732E9C-14CC-422A-AE78-8811C908EAF2}
	EndGlobalSection
	GlobalSection(ExtensibilityGlobals) = postSolution
		SolutionGuid = {7D965FE1-B0A0-485C-9645-2644635484B8}
	EndGlobalSection
EndGlobal
